
Microsoft Visual Studio Solution File, Format Version 12.00
# Visual Studio Version 17
VisualStudioVersion = 17.4.33213.308
MinimumVisualStudioVersion = 10.0.40219.1
Project("{9A19103F-16F7-4668-BE54-9A1E7A4F7556}") = "Solid.API", "API\Solid.API.csproj", "{84941540-8D5F-40F4-88BE-AA5D3ED27762}"
EndProject
Project("{FAE04EC0-301F-11D3-BF4B-00C04F79EFBC}") = "Solid.Core", "Solid.Core\Solid.Core.csproj", "{E14FB173-67C7-49F7-9646-63497825B27C}"
EndProject
Project("{FAE04EC0-301F-11D3-BF4B-00C04F79EFBC}") = "Solid.Data", "Solid.Data\Solid.Data.csproj", "{7426572B-1459-41BC-9B6F-0062973DCE67}"
EndProject
Project("{FAE04EC0-301F-11D3-BF4B-00C04F79EFBC}") = "Solid.Service", "Solid.Service\Solid.Service.csproj", "{6D6E1923-D116-4B34-8AC3-D54120F2AF7A}"
EndProject
Global
	GlobalSection(SolutionConfigurationPlatforms) = preSolution
		Debug|Any CPU = Debug|Any CPU
		Release|Any CPU = Release|Any CPU
	EndGlobalSection
	GlobalSection(ProjectConfigurationPlatforms) = postSolution
		{84941540-8D5F-40F4-88BE-AA5D3ED27762}.Debug|Any CPU.ActiveCfg = Debug|Any CPU
		{84941540-8D5F-40F4-88BE-AA5D3ED27762}.Debug|Any CPU.Build.0 = Debug|Any CPU
		{84941540-8D5F-40F4-88BE-AA5D3ED27762}.Release|Any CPU.ActiveCfg = Release|Any CPU
		{84941540-8D5F-40F4-88BE-AA5D3ED27762}.Release|Any CPU.Build.0 = Release|Any CPU
		{E14FB173-67C7-49F7-9646-63497825B27C}.Debug|Any CPU.ActiveCfg = Debug|Any CPU
		{E14FB173-67C7-49F7-9646-63497825B27C}.Debug|Any CPU.Build.0 = Debug|Any CPU
		{E14FB173-67C7-49F7-9646-63497825B27C}.Release|Any CPU.ActiveCfg = Release|Any CPU
		{E14FB173-67C7-49F7-9646-63497825B27C}.Release|Any CPU.Build.0 = Release|Any CPU
		{7426572B-1459-41BC-9B6F-0062973DCE67}.Debug|Any CPU.ActiveCfg = Debug|Any CPU
		{7426572B-1459-41BC-9B6F-0062973DCE67}.Debug|Any CPU.Build.0 = Debug|Any CPU
		{7426572B-1459-41BC-9B6F-0062973DCE67}.Release|Any CPU.ActiveCfg = Release|Any CPU
		{7426572B-1459-41BC-9B6F-0062973DCE67}.Release|Any CPU.Build.0 = Release|Any CPU
		{6D6E1923-D116-4B34-8AC3-D54120F2AF7A}.Debug|Any CPU.ActiveCfg = Debug|Any CPU
		{6D6E1923-D116-4B34-8AC3-D54120F2AF7A}.Debug|Any CPU.Build.0 = Debug|Any CPU
		{6D6E1923-D116-4B34-8AC3-D54120F2AF7A}.Release|Any CPU.ActiveCfg = Release|Any CPU
		{6D6E1923-D116-4B34-8AC3-D54120F2AF7A}.Release|Any CPU.Build.0 = Release|Any CPU
	EndGlobalSection
	GlobalSection(SolutionProperties) = preSolution
		HideSolutionNode = FALSE
	EndGlobalSection
	GlobalSection(ExtensibilityGlobals) = postSolution
		SolutionGuid = {66A9F564-2A57-4789-A054-AA77C6D6D695}
	EndGlobalSection
EndGlobal
